
Microsoft Visual Studio Solution File, Format Version 12.00
# Visual Studio Version 17
VisualStudioVersion = 17.3.32922.545
MinimumVisualStudioVersion = 10.0.40219.1
Project("{FAE04EC0-301F-11D3-BF4B-00C04F79EFBC}") = "Diseño-ControlAccesoDeSalasDeComputos", "Diseño-ControlAccesoDeSalasDeComputos\Diseño-ControlAccesoDeSalasDeComputos.csproj", "{83EE1AC2-31D3-47DB-BFA3-1B7FF61B2CE4}"
EndProject
Global
	GlobalSection(SolutionConfigurationPlatforms) = preSolution
		Debug|Any CPU = Debug|Any CPU
		Release|Any CPU = Release|Any CPU
	EndGlobalSection
	GlobalSection(ProjectConfigurationPlatforms) = postSolution
		{83EE1AC2-31D3-47DB-BFA3-1B7FF61B2CE4}.Debug|Any CPU.ActiveCfg = Debug|Any CPU
		{83EE1AC2-31D3-47DB-BFA3-1B7FF61B2CE4}.Debug|Any CPU.Build.0 = Debug|Any CPU
		{83EE1AC2-31D3-47DB-BFA3-1B7FF61B2CE4}.Release|Any CPU.ActiveCfg = Release|Any CPU
		{83EE1AC2-31D3-47DB-BFA3-1B7FF61B2CE4}.Release|Any CPU.Build.0 = Release|Any CPU
	EndGlobalSection
	GlobalSection(SolutionProperties) = preSolution
		HideSolutionNode = FALSE
	EndGlobalSection
	GlobalSection(ExtensibilityGlobals) = postSolution
		SolutionGuid = {8EB9475E-B426-4CC0-A167-C1952A49B48D}
	EndGlobalSection
EndGlobal
